
Microsoft Visual Studio Solution File, Format Version 12.00
# Visual Studio Version 17
VisualStudioVersion = 17.7.34024.191
MinimumVisualStudioVersion = 10.0.40219.1
Project("{FAE04EC0-301F-11D3-BF4B-00C04F79EFBC}") = "Autoszerelos_projekt", "Autoszerelos_projekt\Autoszerelos_projekt.csproj", "{C71DDC93-83CE-4FF5-AA21-6312A4248759}"
EndProject
Global
	GlobalSection(SolutionConfigurationPlatforms) = preSolution
		Debug|Any CPU = Debug|Any CPU
		Release|Any CPU = Release|Any CPU
	EndGlobalSection
	GlobalSection(ProjectConfigurationPlatforms) = postSolution
		{C71DDC93-83CE-4FF5-AA21-6312A4248759}.Debug|Any CPU.ActiveCfg = Debug|Any CPU
		{C71DDC93-83CE-4FF5-AA21-6312A4248759}.Debug|Any CPU.Build.0 = Debug|Any CPU
		{C71DDC93-83CE-4FF5-AA21-6312A4248759}.Release|Any CPU.ActiveCfg = Release|Any CPU
		{C71DDC93-83CE-4FF5-AA21-6312A4248759}.Release|Any CPU.Build.0 = Release|Any CPU
	EndGlobalSection
	GlobalSection(SolutionProperties) = preSolution
		HideSolutionNode = FALSE
	EndGlobalSection
	GlobalSection(ExtensibilityGlobals) = postSolution
		SolutionGuid = {2501DC9A-9361-4A27-AC1D-EA7FBB1A2E9A}
	EndGlobalSection
EndGlobal
